
Microsoft Visual Studio Solution File, Format Version 12.00
# Visual Studio Version 16
VisualStudioVersion = 16.0.32630.194
MinimumVisualStudioVersion = 10.0.40219.1
Project("{FAE04EC0-301F-11D3-BF4B-00C04F79EFBC}") = "Lanchonete T92", "Lanchonete T92\Lanchonete T92.csproj", "{5705D954-46F7-4629-8FCD-508B74E18076}"
EndProject
Global
	GlobalSection(SolutionConfigurationPlatforms) = preSolution
		Debug|Any CPU = Debug|Any CPU
		Release|Any CPU = Release|Any CPU
	EndGlobalSection
	GlobalSection(ProjectConfigurationPlatforms) = postSolution
		{5705D954-46F7-4629-8FCD-508B74E18076}.Debug|Any CPU.ActiveCfg = Debug|Any CPU
		{5705D954-46F7-4629-8FCD-508B74E18076}.Debug|Any CPU.Build.0 = Debug|Any CPU
		{5705D954-46F7-4629-8FCD-508B74E18076}.Release|Any CPU.ActiveCfg = Release|Any CPU
		{5705D954-46F7-4629-8FCD-508B74E18076}.Release|Any CPU.Build.0 = Release|Any CPU
	EndGlobalSection
	GlobalSection(SolutionProperties) = preSolution
		HideSolutionNode = FALSE
	EndGlobalSection
	GlobalSection(ExtensibilityGlobals) = postSolution
		SolutionGuid = {2ADC5C6E-A1DB-4380-915A-1D36932A3899}
	EndGlobalSection
EndGlobal
